
Microsoft Visual Studio Solution File, Format Version 12.00
# Visual Studio Version 17
VisualStudioVersion = 17.14.36401.2 d17.14
MinimumVisualStudioVersion = 10.0.40219.1
Project("{FAE04EC0-301F-11D3-BF4B-00C04F79EFBC}") = "3NLIDTS-EmilioZamorano-01c", "3NLIDTS-EmilioZamorano-01c.csproj", "{601BA647-6236-418F-BC00-C3F149DB902A}"
EndProject
Global
	GlobalSection(SolutionConfigurationPlatforms) = preSolution
		Debug|Any CPU = Debug|Any CPU
		Release|Any CPU = Release|Any CPU
	EndGlobalSection
	GlobalSection(ProjectConfigurationPlatforms) = postSolution
		{601BA647-6236-418F-BC00-C3F149DB902A}.Debug|Any CPU.ActiveCfg = Debug|Any CPU
		{601BA647-6236-418F-BC00-C3F149DB902A}.Debug|Any CPU.Build.0 = Debug|Any CPU
		{601BA647-6236-418F-BC00-C3F149DB902A}.Release|Any CPU.ActiveCfg = Release|Any CPU
		{601BA647-6236-418F-BC00-C3F149DB902A}.Release|Any CPU.Build.0 = Release|Any CPU
	EndGlobalSection
	GlobalSection(SolutionProperties) = preSolution
		HideSolutionNode = FALSE
	EndGlobalSection
	GlobalSection(ExtensibilityGlobals) = postSolution
		SolutionGuid = {F9413B3A-76DC-4C3A-8ED6-F1122D085674}
	EndGlobalSection
EndGlobal
